// !$*UTF8*$!
{
	archiveVersion = 1;
	classes = {
	};
	objectVersion = 56;
	objects = {

/* Begin PBXBuildFile section */
		BA77A18A2BD855F600B74CCB /* SnowSeekerApp.swift in Sources */ = {isa = PBXBuildFile; fileRef = BA77A1892BD855F600B74CCB /* SnowSeekerApp.swift */; };
		BA77A18C2BD855F600B74CCB /* ContentView.swift in Sources */ = {isa = PBXBuildFile; fileRef = BA77A18B2BD855F600B74CCB /* ContentView.swift */; };
		BA77A18E2BD855F900B74CCB /* Assets.xcassets in Resources */ = {isa = PBXBuildFile; fileRef = BA77A18D2BD855F900B74CCB /* Assets.xcassets */; };
		BA77A1912BD855F900B74CCB /* Preview Assets.xcassets in Resources */ = {isa = PBXBuildFile; fileRef = BA77A1902BD855F900B74CCB /* Preview Assets.xcassets */; };
		BA77A1982BD9A1C700B74CCB /* resorts.json in Resources */ = {isa = PBXBuildFile; fileRef = BA77A1972BD9A1C700B74CCB /* resorts.json */; };
		BA77A19A2BD9A1F500B74CCB /* Resort.swift in Sources */ = {isa = PBXBuildFile; fileRef = BA77A1992BD9A1F500B74CCB /* Resort.swift */; };
		BA77A19C2BD9A25100B74CCB /* Bundle-Decodable.swift in Sources */ = {isa = PBXBuildFile; fileRef = BA77A19B2BD9A25100B74CCB /* Bundle-Decodable.swift */; };
		BA77A19E2BD9A48C00B74CCB /* WelcomeView.swift in Sources */ = {isa = PBXBuildFile; fileRef = BA77A19D2BD9A48C00B74CCB /* WelcomeView.swift */; };
		BA77A1A02BD9A71300B74CCB /* ResortView.swift in Sources */ = {isa = PBXBuildFile; fileRef = BA77A19F2BD9A71300B74CCB /* ResortView.swift */; };
		BA77A1A22BD9AC0800B74CCB /* SkiDetailsView.swift in Sources */ = {isa = PBXBuildFile; fileRef = BA77A1A12BD9AC0800B74CCB /* SkiDetailsView.swift */; };
		BA77A1A42BD9AC7800B74CCB /* ResortDetailsView.swift in Sources */ = {isa = PBXBuildFile; fileRef = BA77A1A32BD9AC7800B74CCB /* ResortDetailsView.swift */; };
		BA77A1A62BDD2E9600B74CCB /* Facility.swift in Sources */ = {isa = PBXBuildFile; fileRef = BA77A1A52BDD2E9600B74CCB /* Facility.swift */; };
/* End PBXBuildFile section */

/* Begin PBXFileReference section */
		BA77A1862BD855F600B74CCB /* SnowSeeker.app */ = {isa = PBXFileReference; explicitFileType = wrapper.application; includeInIndex = 0; path = SnowSeeker.app; sourceTree = BUILT_PRODUCTS_DIR; };
		BA77A1892BD855F600B74CCB /* SnowSeekerApp.swift */ = {isa = PBXFileReference; lastKnownFileType = sourcecode.swift; path = SnowSeekerApp.swift; sourceTree = "<group>"; };
		BA77A18B2BD855F600B74CCB /* ContentView.swift */ = {isa = PBXFileReference; lastKnownFileType = sourcecode.swift; path = ContentView.swift; sourceTree = "<group>"; };
		BA77A18D2BD855F900B74CCB /* Assets.xcassets */ = {isa = PBXFileReference; lastKnownFileType = folder.assetcatalog; path = Assets.xcassets; sourceTree = "<group>"; };
		BA77A1902BD855F900B74CCB /* Preview Assets.xcassets */ = {isa = PBXFileReference; lastKnownFileType = folder.assetcatalog; path = "Preview Assets.xcassets"; sourceTree = "<group>"; };
		BA77A1972BD9A1C700B74CCB /* resorts.json */ = {isa = PBXFileReference; fileEncoding = 4; lastKnownFileType = text.json; path = resorts.json; sourceTree = "<group>"; };
		BA77A1992BD9A1F500B74CCB /* Resort.swift */ = {isa = PBXFileReference; lastKnownFileType = sourcecode.swift; path = Resort.swift; sourceTree = "<group>"; };
		BA77A19B2BD9A25100B74CCB /* Bundle-Decodable.swift */ = {isa = PBXFileReference; lastKnownFileType = sourcecode.swift; path = "Bundle-Decodable.swift"; sourceTree = "<group>"; };
		BA77A19D2BD9A48C00B74CCB /* WelcomeView.swift */ = {isa = PBXFileReference; lastKnownFileType = sourcecode.swift; path = WelcomeView.swift; sourceTree = "<group>"; };
		BA77A19F2BD9A71300B74CCB /* ResortView.swift */ = {isa = PBXFileReference; lastKnownFileType = sourcecode.swift; path = ResortView.swift; sourceTree = "<group>"; };
		BA77A1A12BD9AC0800B74CCB /* SkiDetailsView.swift */ = {isa = PBXFileReference; lastKnownFileType = sourcecode.swift; path = SkiDetailsView.swift; sourceTree = "<group>"; };
		BA77A1A32BD9AC7800B74CCB /* ResortDetailsView.swift */ = {isa = PBXFileReference; lastKnownFileType = sourcecode.swift; path = ResortDetailsView.swift; sourceTree = "<group>"; };
		BA77A1A52BDD2E9600B74CCB /* Facility.swift */ = {isa = PBXFileReference; lastKnownFileType = sourcecode.swift; path = Facility.swift; sourceTree = "<group>"; };
/* End PBXFileReference section */

/* Begin PBXFrameworksBuildPhase section */
		BA77A1832BD855F600B74CCB /* Frameworks */ = {
			isa = PBXFrameworksBuildPhase;
			buildActionMask = 2147483647;
			files = (
			);
			runOnlyForDeploymentPostprocessing = 0;
		};
/* End PBXFrameworksBuildPhase section */

/* Begin PBXGroup section */
		BA77A17D2BD855F600B74CCB = {
			isa = PBXGroup;
			children = (
				BA77A1882BD855F600B74CCB /* SnowSeeker */,
				BA77A1872BD855F600B74CCB /* Products */,
			);
			sourceTree = "<group>";
		};
		BA77A1872BD855F600B74CCB /* Products */ = {
			isa = PBXGroup;
			children = (
				BA77A1862BD855F600B74CCB /* SnowSeeker.app */,
			);
			name = Products;
			sourceTree = "<group>";
		};
		BA77A1882BD855F600B74CCB /* SnowSeeker */ = {
			isa = PBXGroup;
			children = (
				BA77A1892BD855F600B74CCB /* SnowSeekerApp.swift */,
				BA77A18B2BD855F600B74CCB /* ContentView.swift */,
				BA77A19D2BD9A48C00B74CCB /* WelcomeView.swift */,
				BA77A18D2BD855F900B74CCB /* Assets.xcassets */,
				BA77A1972BD9A1C700B74CCB /* resorts.json */,
				BA77A1992BD9A1F500B74CCB /* Resort.swift */,
				BA77A19F2BD9A71300B74CCB /* ResortView.swift */,
				BA77A1A52BDD2E9600B74CCB /* Facility.swift */,
				BA77A1A32BD9AC7800B74CCB /* ResortDetailsView.swift */,
				BA77A1A12BD9AC0800B74CCB /* SkiDetailsView.swift */,
				BA77A19B2BD9A25100B74CCB /* Bundle-Decodable.swift */,
				BA77A18F2BD855F900B74CCB /* Preview Content */,
			);
			path = SnowSeeker;
			sourceTree = "<group>";
		};
		BA77A18F2BD855F900B74CCB /* Preview Content */ = {
			isa = PBXGroup;
			children = (
				BA77A1902BD855F900B74CCB /* Preview Assets.xcassets */,
			);
			path = "Preview Content";
			sourceTree = "<group>";
		};
/* End PBXGroup section */

/* Begin PBXNativeTarget section */
		BA77A1852BD855F600B74CCB /* SnowSeeker */ = {
			isa = PBXNativeTarget;
			buildConfigurationList = BA77A1942BD855F900B74CCB /* Build configuration list for PBXNativeTarget "SnowSeeker" */;
			buildPhases = (
				BA77A1822BD855F600B74CCB /* Sources */,
				BA77A1832BD855F600B74CCB /* Frameworks */,
				BA77A1842BD855F600B74CCB /* Resources */,
			);
			buildRules = (
			);
			dependencies = (
			);
			name = SnowSeeker;
			productName = SnowSeeker;
			productReference = BA77A1862BD855F600B74CCB /* SnowSeeker.app */;
			productType = "com.apple.product-type.application";
		};
/* End PBXNativeTarget section */

/* Begin PBXProject section */
		BA77A17E2BD855F600B74CCB /* Project object */ = {
			isa = PBXProject;
			attributes = {
				BuildIndependentTargetsInParallel = 1;
				LastSwiftUpdateCheck = 1530;
				LastUpgradeCheck = 1530;
				TargetAttributes = {
					BA77A1852BD855F600B74CCB = {
						CreatedOnToolsVersion = 15.3;
					};
				};
			};
			buildConfigurationList = BA77A1812BD855F600B74CCB /* Build configuration list for PBXProject "SnowSeeker" */;
			compatibilityVersion = "Xcode 14.0";
			developmentRegion = en;
			hasScannedForEncodings = 0;
			knownRegions = (
				en,
				Base,
			);
			mainGroup = BA77A17D2BD855F600B74CCB;
			productRefGroup = BA77A1872BD855F600B74CCB /* Products */;
			projectDirPath = "";
			projectRoot = "";
			targets = (
				BA77A1852BD855F600B74CCB /* SnowSeeker */,
			);
		};
/* End PBXProject section */

/* Begin PBXResourcesBuildPhase section */
		BA77A1842BD855F600B74CCB /* Resources */ = {
			isa = PBXResourcesBuildPhase;
			buildActionMask = 2147483647;
			files = (
				BA77A1982BD9A1C700B74CCB /* resorts.json in Resources */,
				BA77A1912BD855F900B74CCB /* Preview Assets.xcassets in Resources */,
				BA77A18E2BD855F900B74CCB /* Assets.xcassets in Resources */,
			);
			runOnlyForDeploymentPostprocessing = 0;
		};
/* End PBXResourcesBuildPhase section */

/* Begin PBXSourcesBuildPhase section */
		BA77A1822BD855F600B74CCB /* Sources */ = {
			isa = PBXSourcesBuildPhase;
			buildActionMask = 2147483647;
			files = (
				BA77A19E2BD9A48C00B74CCB /* WelcomeView.swift in Sources */,
				BA77A1A22BD9AC0800B74CCB /* SkiDetailsView.swift in Sources */,
				BA77A1A42BD9AC7800B74CCB /* ResortDetailsView.swift in Sources */,
				BA77A1A62BDD2E9600B74CCB /* Facility.swift in Sources */,
				BA77A18C2BD855F600B74CCB /* ContentView.swift in Sources */,
				BA77A19A2BD9A1F500B74CCB /* Resort.swift in Sources */,
				BA77A1A02BD9A71300B74CCB /* ResortView.swift in Sources */,
				BA77A18A2BD855F600B74CCB /* SnowSeekerApp.swift in Sources */,
				BA77A19C2BD9A25100B74CCB /* Bundle-Decodable.swift in Sources */,
			);
			runOnlyForDeploymentPostprocessing = 0;
		};
/* End PBXSourcesBuildPhase section */

/* Begin XCBuildConfiguration section */
		BA77A1922BD855F900B74CCB /* Debug */ = {
			isa = XCBuildConfiguration;
			buildSettings = {
				ALWAYS_SEARCH_USER_PATHS = NO;
				ASSETCATALOG_COMPILER_GENERATE_SWIFT_ASSET_SYMBOL_EXTENSIONS = YES;
				CLANG_ANALYZER_NONNULL = YES;
				CLANG_ANALYZER_NUMBER_OBJECT_CONVERSION = YES_AGGRESSIVE;
				CLANG_CXX_LANGUAGE_STANDARD = "gnu++20";
				CLANG_ENABLE_MODULES = YES;
				CLANG_ENABLE_OBJC_ARC = YES;
				CLANG_ENABLE_OBJC_WEAK = YES;
				CLANG_WARN_BLOCK_CAPTURE_AUTORELEASING = YES;
				CLANG_WARN_BOOL_CONVERSION = YES;
				CLANG_WARN_COMMA = YES;
				CLANG_WARN_CONSTANT_CONVERSION = YES;
				CLANG_WARN_DEPRECATED_OBJC_IMPLEMENTATIONS = YES;
				CLANG_WARN_DIRECT_OBJC_ISA_USAGE = YES_ERROR;
				CLANG_WARN_DOCUMENTATION_COMMENTS = YES;
				CLANG_WARN_EMPTY_BODY = YES;
				CLANG_WARN_ENUM_CONVERSION = YES;
				CLANG_WARN_INFINITE_RECURSION = YES;
				CLANG_WARN_INT_CONVERSION = YES;
				CLANG_WARN_NON_LITERAL_NULL_CONVERSION = YES;
				CLANG_WARN_OBJC_IMPLICIT_RETAIN_SELF = YES;
				CLANG_WARN_OBJC_LITERAL_CONVERSION = YES;
				CLANG_WARN_OBJC_ROOT_CLASS = YES_ERROR;
				CLANG_WARN_QUOTED_INCLUDE_IN_FRAMEWORK_HEADER = YES;
				CLANG_WARN_RANGE_LOOP_ANALYSIS = YES;
				CLANG_WARN_STRICT_PROTOTYPES = YES;
				CLANG_WARN_SUSPICIOUS_MOVE = YES;
				CLANG_WARN_UNGUARDED_AVAILABILITY = YES_AGGRESSIVE;
				CLANG_WARN_UNREACHABLE_CODE = YES;
				CLANG_WARN__DUPLICATE_METHOD_MATCH = YES;
				COPY_PHASE_STRIP = NO;
				DEBUG_INFORMATION_FORMAT = dwarf;
				ENABLE_STRICT_OBJC_MSGSEND = YES;
				ENABLE_TESTABILITY = YES;
				ENABLE_USER_SCRIPT_SANDBOXING = YES;
				GCC_C_LANGUAGE_STANDARD = gnu17;
				GCC_DYNAMIC_NO_PIC = NO;
				GCC_NO_COMMON_BLOCKS = YES;
				GCC_OPTIMIZATION_LEVEL = 0;
				GCC_PREPROCESSOR_DEFINITIONS = (
					"DEBUG=1",
					"$(inherited)",
				);
				GCC_WARN_64_TO_32_BIT_CONVERSION = YES;
				GCC_WARN_ABOUT_RETURN_TYPE = YES_ERROR;
				GCC_WARN_UNDECLARED_SELECTOR = YES;
				GCC_WARN_UNINITIALIZED_AUTOS = YES_AGGRESSIVE;
				GCC_WARN_UNUSED_FUNCTION = YES;
				GCC_WARN_UNUSED_VARIABLE = YES;
				IPHONEOS_DEPLOYMENT_TARGET = 17.4;
				LOCALIZATION_PREFERS_STRING_CATALOGS = YES;
				MTL_ENABLE_DEBUG_INFO = INCLUDE_SOURCE;
				MTL_FAST_MATH = YES;
				ONLY_ACTIVE_ARCH = YES;
				SDKROOT = iphoneos;
				SWIFT_ACTIVE_COMPILATION_CONDITIONS = "DEBUG $(inherited)";
				SWIFT_OPTIMIZATION_LEVEL = "-Onone";
			};
			name = Debug;
		};
		BA77A1932BD855F900B74CCB /* Release */ = {
			isa = XCBuildConfiguration;
			buildSettings = {
				ALWAYS_SEARCH_USER_PATHS = NO;
				ASSETCATALOG_COMPILER_GENERATE_SWIFT_ASSET_SYMBOL_EXTENSIONS = YES;
				CLANG_ANALYZER_NONNULL = YES;
				CLANG_ANALYZER_NUMBER_OBJECT_CONVERSION = YES_AGGRESSIVE;
				CLANG_CXX_LANGUAGE_STANDARD = "gnu++20";
				CLANG_ENABLE_MODULES = YES;
				CLANG_ENABLE_OBJC_ARC = YES;
				CLANG_ENABLE_OBJC_WEAK = YES;
				CLANG_WARN_BLOCK_CAPTURE_AUTORELEASING = YES;
				CLANG_WARN_BOOL_CONVERSION = YES;
				CLANG_WARN_COMMA = YES;
				CLANG_WARN_CONSTANT_CONVERSION = YES;
				CLANG_WARN_DEPRECATED_OBJC_IMPLEMENTATIONS = YES;
				CLANG_WARN_DIRECT_OBJC_ISA_USAGE = YES_ERROR;
				CLANG_WARN_DOCUMENTATION_COMMENTS = YES;
				CLANG_WARN_EMPTY_BODY = YES;
				CLANG_WARN_ENUM_CONVERSION = YES;
				CLANG_WARN_INFINITE_RECURSION = YES;
				CLANG_WARN_INT_CONVERSION = YES;
				CLANG_WARN_NON_LITERAL_NULL_CONVERSION = YES;
				CLANG_WARN_OBJC_IMPLICIT_RETAIN_SELF = YES;
				CLANG_WARN_OBJC_LITERAL_CONVERSION = YES;
				CLANG_WARN_OBJC_ROOT_CLASS = YES_ERROR;
				CLANG_WARN_QUOTED_INCLUDE_IN_FRAMEWORK_HEADER = YES;
				CLANG_WARN_RANGE_LOOP_ANALYSIS = YES;
				CLANG_WARN_STRICT_PROTOTYPES = YES;
				CLANG_WARN_SUSPICIOUS_MOVE = YES;
				CLANG_WARN_UNGUARDED_AVAILABILITY = YES_AGGRESSIVE;
				CLANG_WARN_UNREACHABLE_CODE = YES;
				CLANG_WARN__DUPLICATE_METHOD_MATCH = YES;
				COPY_PHASE_STRIP = NO;
				DEBUG_INFORMATION_FORMAT = "dwarf-with-dsym";
				ENABLE_NS_ASSERTIONS = NO;
				ENABLE_STRICT_OBJC_MSGSEND = YES;
				ENABLE_USER_SCRIPT_SANDBOXING = YES;
				GCC_C_LANGUAGE_STANDARD = gnu17;
				GCC_NO_COMMON_BLOCKS = YES;
				GCC_WARN_64_TO_32_BIT_CONVERSION = YES;
				GCC_WARN_ABOUT_RETURN_TYPE = YES_ERROR;
				GCC_WARN_UNDECLARED_SELECTOR = YES;
				GCC_WARN_UNINITIALIZED_AUTOS = YES_AGGRESSIVE;
				GCC_WARN_UNUSED_FUNCTION = YES;
				GCC_WARN_UNUSED_VARIABLE = YES;
				IPHONEOS_DEPLOYMENT_TARGET = 17.4;
				LOCALIZATION_PREFERS_STRING_CATALOGS = YES;
				MTL_ENABLE_DEBUG_INFO = NO;
				MTL_FAST_MATH = YES;
				SDKROOT = iphoneos;
				SWIFT_COMPILATION_MODE = wholemodule;
				VALIDATE_PRODUCT = YES;
			};
			name = Release;
		};
		BA77A1952BD855F900B74CCB /* Debug */ = {
			isa = XCBuildConfiguration;
			buildSettings = {
				ASSETCATALOG_COMPILER_APPICON_NAME = AppIcon;
				ASSETCATALOG_COMPILER_GLOBAL_ACCENT_COLOR_NAME = AccentColor;
				CODE_SIGN_STYLE = Automatic;
				CURRENT_PROJECT_VERSION = 1;
				DEVELOPMENT_ASSET_PATHS = "\"SnowSeeker/Preview Content\"";
				DEVELOPMENT_TEAM = ZB3PH396YC;
				ENABLE_PREVIEWS = YES;
				GENERATE_INFOPLIST_FILE = YES;
				INFOPLIST_KEY_UIApplicationSceneManifest_Generation = YES;
				INFOPLIST_KEY_UIApplicationSupportsIndirectInputEvents = YES;
				INFOPLIST_KEY_UILaunchScreen_Generation = YES;
				INFOPLIST_KEY_UISupportedInterfaceOrientations_iPad = "UIInterfaceOrientationPortrait UIInterfaceOrientationPortraitUpsideDown UIInterfaceOrientationLandscapeLeft UIInterfaceOrientationLandscapeRight";
				INFOPLIST_KEY_UISupportedInterfaceOrientations_iPhone = "UIInterfaceOrientationPortrait UIInterfaceOrientationLandscapeLeft UIInterfaceOrientationLandscapeRight";
				LD_RUNPATH_SEARCH_PATHS = (
					"$(inherited)",
					"@executable_path/Frameworks",
				);
				MARKETING_VERSION = 1.0;
				PRODUCT_BUNDLE_IDENTIFIER = fr.charlenehoareau.SnowSeeker;
				PRODUCT_NAME = "$(TARGET_NAME)";
				SWIFT_EMIT_LOC_STRINGS = YES;
				SWIFT_VERSION = 5.0;
				TARGETED_DEVICE_FAMILY = "1,2";
			};
			name = Debug;
		};
		BA77A1962BD855F900B74CCB /* Release */ = {
			isa = XCBuildConfiguration;
			buildSettings = {
				ASSETCATALOG_COMPILER_APPICON_NAME = AppIcon;
				ASSETCATALOG_COMPILER_GLOBAL_ACCENT_COLOR_NAME = AccentColor;
				CODE_SIGN_STYLE = Automatic;
				CURRENT_PROJECT_VERSION = 1;
				DEVELOPMENT_ASSET_PATHS = "\"SnowSeeker/Preview Content\"";
				DEVELOPMENT_TEAM = ZB3PH396YC;
				ENABLE_PREVIEWS = YES;
				GENERATE_INFOPLIST_FILE = YES;
				INFOPLIST_KEY_UIApplicationSceneManifest_Generation = YES;
				INFOPLIST_KEY_UIApplicationSupportsIndirectInputEvents = YES;
				INFOPLIST_KEY_UILaunchScreen_Generation = YES;
				INFOPLIST_KEY_UISupportedInterfaceOrientations_iPad = "UIInterfaceOrientationPortrait UIInterfaceOrientationPortraitUpsideDown UIInterfaceOrientationLandscapeLeft UIInterfaceOrientationLandscapeRight";
				INFOPLIST_KEY_UISupportedInterfaceOrientations_iPhone = "UIInterfaceOrientationPortrait UIInterfaceOrientationLandscapeLeft UIInterfaceOrientationLandscapeRight";
				LD_RUNPATH_SEARCH_PATHS = (
					"$(inherited)",
					"@executable_path/Frameworks",
				);
				MARKETING_VERSION = 1.0;
				PRODUCT_BUNDLE_IDENTIFIER = fr.charlenehoareau.SnowSeeker;
				PRODUCT_NAME = "$(TARGET_NAME)";
				SWIFT_EMIT_LOC_STRINGS = YES;
				SWIFT_VERSION = 5.0;
				TARGETED_DEVICE_FAMILY = "1,2";
			};
			name = Release;
		};
/* End XCBuildConfiguration section */

/* Begin XCConfigurationList section */
		BA77A1812BD855F600B74CCB /* Build configuration list for PBXProject "SnowSeeker" */ = {
			isa = XCConfigurationList;
			buildConfigurations = (
				BA77A1922BD855F900B74CCB /* Debug */,
				BA77A1932BD855F900B74CCB /* Release */,
			);
			defaultConfigurationIsVisible = 0;
			defaultConfigurationName = Release;
		};
		BA77A1942BD855F900B74CCB /* Build configuration list for PBXNativeTarget "SnowSeeker" */ = {
			isa = XCConfigurationList;
			buildConfigurations = (
				BA77A1952BD855F900B74CCB /* Debug */,
				BA77A1962BD855F900B74CCB /* Release */,
			);
			defaultConfigurationIsVisible = 0;
			defaultConfigurationName = Release;
		};
/* End XCConfigurationList section */
	};
	rootObject = BA77A17E2BD855F600B74CCB /* Project object */;
}
